{
  "requires": true,
  "lockfileVersion": 1,
  "dependencies": {
    "@progress/kendo-ui": {
      "version": "2018.1.328",
      "resolved": "https://registry.npmjs.org/@progress/kendo-ui/-/kendo-ui-2018.1.328.tgz",
      "integrity": "sha512-NKNGT31nSy3DmS6FceNyWvV8o1QyenPxP5kdEivDy7RBlpIubzDNxVoDWfIGh8nanSNDSsW4pdbpCD4K+v+T4A==",
      "requires": {
        "jquery": "3.3.1"
      }
    },
    "jquery": {
      "version": "3.3.1",
      "resolved": "https://registry.npmjs.org/jquery/-/jquery-3.3.1.tgz",
      "integrity": "sha512-Ubldcmxp5np52/ENotGxlLe6aGMvmF4R8S6tZjsP6Knsaxd/xp3Zrh50cG93lR6nPXyUFwzN3ZSOQI0wRJNdGg=="
    }
  }
}
